
Microsoft Visual Studio Solution File, Format Version 12.00
# Visual Studio Version 17
VisualStudioVersion = 17.0.31912.275
MinimumVisualStudioVersion = 10.0.40219.1
Project("{9A19103F-16F7-4668-BE54-9A1E7A4F7556}") = "BitzArt.EnumToMemberValue", "src\BitzArt.EnumToMemberValue\BitzArt.EnumToMemberValue.csproj", "{120D5DF3-E6F6-4B1F-AA06-94BB6E0A3061}"
EndProject
Project("{2150E333-8FDC-42A3-9474-1A3956D46DE8}") = "src", "src", "{2638AACB-7314-4962-87BE-93876EEED788}"
EndProject
Project("{9A19103F-16F7-4668-BE54-9A1E7A4F7556}") = "BitzArt.LinqExtensions", "src\BitzArt.LinqExtensions\BitzArt.LinqExtensions.csproj", "{C61CD1AF-0E8E-4F32-A9F9-B84D1ED8C445}"
EndProject
Project("{2150E333-8FDC-42A3-9474-1A3956D46DE8}") = ".github", ".github", "{2DA898EF-3842-49FE-B687-ADD620C47F83}"
EndProject
Project("{2150E333-8FDC-42A3-9474-1A3956D46DE8}") = "workflows", "workflows", "{9545DA65-B29C-4A40-8010-3E339D138EE9}"
	ProjectSection(SolutionItems) = preProject
		.github\workflows\Publish CoreExtensions.yml = .github\workflows\Publish CoreExtensions.yml
		.github\workflows\Publish EnumToMemberValue.yml = .github\workflows\Publish EnumToMemberValue.yml
		.github\workflows\Publish FluentValidation.Extensions.yml = .github\workflows\Publish FluentValidation.Extensions.yml
		.github\workflows\Publish Json.yml = .github\workflows\Publish Json.yml
		.github\workflows\Publish LinqExtensions.yml = .github\workflows\Publish LinqExtensions.yml
		.github\workflows\Publish MassTransit.ConsumerBase.yml = .github\workflows\Publish MassTransit.ConsumerBase.yml
		.github\workflows\Publish Patcher.yml = .github\workflows\Publish Patcher.yml
		.github\workflows\Tests.yml = .github\workflows\Tests.yml
	EndProjectSection
EndProject
Project("{9A19103F-16F7-4668-BE54-9A1E7A4F7556}") = "BitzArt.MassTransit.ConsumerBase", "src\MassTransit\BitzArt.MassTransit.ConsumerBase\BitzArt.MassTransit.ConsumerBase.csproj", "{1A828274-0B29-4892-8525-D9E3F79471EC}"
EndProject
Project("{2150E333-8FDC-42A3-9474-1A3956D46DE8}") = "MassTransit", "MassTransit", "{EDA3AB56-CCE1-4774-9B1E-4828D1E551E0}"
EndProject
Project("{9A19103F-16F7-4668-BE54-9A1E7A4F7556}") = "BitzArt.LinqExtensions.Tests", "tests\BitzArt.LinqExtensions.Tests\BitzArt.LinqExtensions.Tests.csproj", "{A62D8E84-A841-4E12-A69F-35F50E2145B4}"
EndProject
Project("{2150E333-8FDC-42A3-9474-1A3956D46DE8}") = "FluentValidation", "FluentValidation", "{D39781AC-BBE5-4DBC-8CAD-DF79AFFB2C65}"
EndProject
Project("{9A19103F-16F7-4668-BE54-9A1E7A4F7556}") = "BitzArt.FluentValidation.Extensions", "src\FluentValidation\BitzArt.FluentValidation.Extensions\BitzArt.FluentValidation.Extensions.csproj", "{83D61F5C-9F19-4DBB-BF20-4C451AD9877B}"
EndProject
Project("{2150E333-8FDC-42A3-9474-1A3956D46DE8}") = "tests", "tests", "{6C59FADC-BAEA-46B7-A69F-DC2AA0A124D6}"
EndProject
Project("{9A19103F-16F7-4668-BE54-9A1E7A4F7556}") = "BitzArt.Patcher", "src\BitzArt.Patcher\BitzArt.Patcher.csproj", "{78DBB5F9-22F9-4C70-804A-2E82EA782D00}"
EndProject
Project("{9A19103F-16F7-4668-BE54-9A1E7A4F7556}") = "BitzArt.Patcher.Tests", "tests\BitzArt.Patcher.Tests\BitzArt.Patcher.Tests.csproj", "{D23D39F0-EF03-4C4A-9EBA-48ADDE9B1938}"
EndProject
Project("{2150E333-8FDC-42A3-9474-1A3956D46DE8}") = "MassTransit", "MassTransit", "{5BA67B39-E0AA-4A92-B619-0E7ADCDA6871}"
EndProject
Project("{9A19103F-16F7-4668-BE54-9A1E7A4F7556}") = "BitzArt.MassTransit.ConsumerBase.Tests", "tests\MassTransit\BitzArt.MassTransit.ConsumerBase.Tests\BitzArt.MassTransit.ConsumerBase.Tests.csproj", "{8AC27A66-E451-4BA5-BE17-F1CA452B24EB}"
EndProject
Project("{9A19103F-16F7-4668-BE54-9A1E7A4F7556}") = "BitzArt.OpenTelemetry.BoilerPlate", "src\OpenTelemetry\BitzArt.OpenTelemetry.BoilerPlate\BitzArt.OpenTelemetry.BoilerPlate.csproj", "{A258E652-1BB2-4A90-9ED4-6248A09FD379}"
EndProject
Project("{2150E333-8FDC-42A3-9474-1A3956D46DE8}") = "OpenTelemetry", "OpenTelemetry", "{E47B8516-234F-4D06-957C-B24278490706}"
EndProject
Project("{9A19103F-16F7-4668-BE54-9A1E7A4F7556}") = "BitzArt.Probes", "src\BitzArt.Probes\BitzArt.Probes.csproj", "{014EF2B0-4D13-4A35-ADE7-006689C5EC3D}"
EndProject
Project("{2150E333-8FDC-42A3-9474-1A3956D46DE8}") = "FluentValidation", "FluentValidation", "{B8DD59B3-F647-4761-97AD-EEBB972B8557}"
EndProject
Project("{9A19103F-16F7-4668-BE54-9A1E7A4F7556}") = "BitzArt.FluentValidation.Extensions.UnitTests", "tests\FluentValidation\BitzArt.FluentValidation.Extensions.UnitTests\BitzArt.FluentValidation.Extensions.UnitTests.csproj", "{9FDF435B-8ACD-48D5-986A-1B526D7F6E38}"
EndProject
Project("{9A19103F-16F7-4668-BE54-9A1E7A4F7556}") = "BitzArt.LinqExtensions.Batching", "src\BitzArt.LinqExtensions.Batching\BitzArt.LinqExtensions.Batching.csproj", "{81AC0594-A0C5-4A02-8C4D-B8E139F16F5E}"
EndProject
Project("{9A19103F-16F7-4668-BE54-9A1E7A4F7556}") = "BitzArt.LinqExtensions.Batching.Tests", "tests\BitzArt.LinqExtensions.Batching.Tests\BitzArt.LinqExtensions.Batching.Tests.csproj", "{6DBA7894-9852-4DF1-B9E0-09D60D311F6B}"
EndProject
Project("{2150E333-8FDC-42A3-9474-1A3956D46DE8}") = "sln", "sln", "{629938AD-8A1E-49C0-ABFB-724E564B0CCB}"
	ProjectSection(SolutionItems) = preProject
		.editorconfig = .editorconfig
	EndProjectSection
EndProject
Project("{2150E333-8FDC-42A3-9474-1A3956D46DE8}") = "Json", "Json", "{6062DBE1-5621-4735-9960-70FBDC55BE0B}"
EndProject
Project("{2150E333-8FDC-42A3-9474-1A3956D46DE8}") = "Linq", "Linq", "{EC20CC56-DCEF-49E2-8272-DE58B17E5019}"
EndProject
Project("{2150E333-8FDC-42A3-9474-1A3956D46DE8}") = "Misc", "Misc", "{A053045B-CB06-473C-A04E-D54A519B6BBD}"
EndProject
Project("{9A19103F-16F7-4668-BE54-9A1E7A4F7556}") = "BitzArt.Json.TypedObjects", "src\Json\BitzArt.Json.TypedObjects\BitzArt.Json.TypedObjects.csproj", "{F726FCF1-6D50-4EE5-9D4A-8714C897A967}"
EndProject
Project("{2150E333-8FDC-42A3-9474-1A3956D46DE8}") = "Json", "Json", "{23E7F528-746A-4A42-8FB3-F89088395933}"
EndProject
Project("{9A19103F-16F7-4668-BE54-9A1E7A4F7556}") = "BitzArt.Json.TypedObjects.Tests", "tests\Json\BitzArt.Json.TypedObjects.Tests\BitzArt.Json.TypedObjects.Tests.csproj", "{8F88487B-C78F-4695-B4F3-BF59CCDF6DF0}"
EndProject
Project("{2150E333-8FDC-42A3-9474-1A3956D46DE8}") = "Linq", "Linq", "{BFE4986F-CD69-4E42-8C6E-F8EE35491BBF}"
EndProject
Project("{2150E333-8FDC-42A3-9474-1A3956D46DE8}") = "Misc", "Misc", "{A5E6C844-8858-442E-8EAB-2CFD2E59B9EB}"
EndProject
Project("{9A19103F-16F7-4668-BE54-9A1E7A4F7556}") = "BitzArt.CoreExtensions", "src\Misc\BitzArt.CoreExtensions\BitzArt.CoreExtensions.csproj", "{350EF47C-407B-4509-AE6C-A86F17ED0C80}"
EndProject
Project("{9A19103F-16F7-4668-BE54-9A1E7A4F7556}") = "BitzArt.CoreExtensions.Tests", "tests\Misc\BitzArt.CoreExtensions.Tests\BitzArt.CoreExtensions.Tests.csproj", "{039255F7-8BFF-4A5E-ABB6-602AF5F14AA5}"
EndProject
Project("{2150E333-8FDC-42A3-9474-1A3956D46DE8}") = "DependencyInjection", "DependencyInjection", "{BDCAABCC-D420-4A4D-AAC2-3D254D7932CD}"
EndProject
Project("{FAE04EC0-301F-11D3-BF4B-00C04F79EFBC}") = "BitzArt.DependencyInjection.TransientServiceProvider", "src\DependencyInjection\BitzArt.DependencyInjection.TransientServiceProvider\BitzArt.DependencyInjection.TransientServiceProvider.csproj", "{5F8768B5-FE6F-42DC-9993-F9F4E5AE38E4}"
EndProject
Project("{FAE04EC0-301F-11D3-BF4B-00C04F79EFBC}") = "BitzArt.LinqExtensions.Conditional", "src\BitzArt.LinqExtensions.Conditional\BitzArt.LinqExtensions.Conditional.csproj", "{81BAD669-8203-4328-A894-DCAEB3066ADD}"
EndProject
Global
	GlobalSection(SolutionConfigurationPlatforms) = preSolution
		Debug|Any CPU = Debug|Any CPU
		Release|Any CPU = Release|Any CPU
	EndGlobalSection
	GlobalSection(ProjectConfigurationPlatforms) = postSolution
		{120D5DF3-E6F6-4B1F-AA06-94BB6E0A3061}.Debug|Any CPU.ActiveCfg = Debug|Any CPU
		{120D5DF3-E6F6-4B1F-AA06-94BB6E0A3061}.Debug|Any CPU.Build.0 = Debug|Any CPU
		{120D5DF3-E6F6-4B1F-AA06-94BB6E0A3061}.Release|Any CPU.ActiveCfg = Release|Any CPU
		{120D5DF3-E6F6-4B1F-AA06-94BB6E0A3061}.Release|Any CPU.Build.0 = Release|Any CPU
		{C61CD1AF-0E8E-4F32-A9F9-B84D1ED8C445}.Debug|Any CPU.ActiveCfg = Debug|Any CPU
		{C61CD1AF-0E8E-4F32-A9F9-B84D1ED8C445}.Debug|Any CPU.Build.0 = Debug|Any CPU
		{C61CD1AF-0E8E-4F32-A9F9-B84D1ED8C445}.Release|Any CPU.ActiveCfg = Release|Any CPU
		{C61CD1AF-0E8E-4F32-A9F9-B84D1ED8C445}.Release|Any CPU.Build.0 = Release|Any CPU
		{1A828274-0B29-4892-8525-D9E3F79471EC}.Debug|Any CPU.ActiveCfg = Debug|Any CPU
		{1A828274-0B29-4892-8525-D9E3F79471EC}.Debug|Any CPU.Build.0 = Debug|Any CPU
		{1A828274-0B29-4892-8525-D9E3F79471EC}.Release|Any CPU.ActiveCfg = Release|Any CPU
		{1A828274-0B29-4892-8525-D9E3F79471EC}.Release|Any CPU.Build.0 = Release|Any CPU
		{A62D8E84-A841-4E12-A69F-35F50E2145B4}.Debug|Any CPU.ActiveCfg = Debug|Any CPU
		{A62D8E84-A841-4E12-A69F-35F50E2145B4}.Debug|Any CPU.Build.0 = Debug|Any CPU
		{A62D8E84-A841-4E12-A69F-35F50E2145B4}.Release|Any CPU.ActiveCfg = Release|Any CPU
		{A62D8E84-A841-4E12-A69F-35F50E2145B4}.Release|Any CPU.Build.0 = Release|Any CPU
		{83D61F5C-9F19-4DBB-BF20-4C451AD9877B}.Debug|Any CPU.ActiveCfg = Debug|Any CPU
		{83D61F5C-9F19-4DBB-BF20-4C451AD9877B}.Debug|Any CPU.Build.0 = Debug|Any CPU
		{83D61F5C-9F19-4DBB-BF20-4C451AD9877B}.Release|Any CPU.ActiveCfg = Release|Any CPU
		{83D61F5C-9F19-4DBB-BF20-4C451AD9877B}.Release|Any CPU.Build.0 = Release|Any CPU
		{78DBB5F9-22F9-4C70-804A-2E82EA782D00}.Debug|Any CPU.ActiveCfg = Debug|Any CPU
		{78DBB5F9-22F9-4C70-804A-2E82EA782D00}.Debug|Any CPU.Build.0 = Debug|Any CPU
		{78DBB5F9-22F9-4C70-804A-2E82EA782D00}.Release|Any CPU.ActiveCfg = Release|Any CPU
		{78DBB5F9-22F9-4C70-804A-2E82EA782D00}.Release|Any CPU.Build.0 = Release|Any CPU
		{D23D39F0-EF03-4C4A-9EBA-48ADDE9B1938}.Debug|Any CPU.ActiveCfg = Debug|Any CPU
		{D23D39F0-EF03-4C4A-9EBA-48ADDE9B1938}.Debug|Any CPU.Build.0 = Debug|Any CPU
		{D23D39F0-EF03-4C4A-9EBA-48ADDE9B1938}.Release|Any CPU.ActiveCfg = Release|Any CPU
		{D23D39F0-EF03-4C4A-9EBA-48ADDE9B1938}.Release|Any CPU.Build.0 = Release|Any CPU
		{8AC27A66-E451-4BA5-BE17-F1CA452B24EB}.Debug|Any CPU.ActiveCfg = Debug|Any CPU
		{8AC27A66-E451-4BA5-BE17-F1CA452B24EB}.Debug|Any CPU.Build.0 = Debug|Any CPU
		{8AC27A66-E451-4BA5-BE17-F1CA452B24EB}.Release|Any CPU.ActiveCfg = Release|Any CPU
		{8AC27A66-E451-4BA5-BE17-F1CA452B24EB}.Release|Any CPU.Build.0 = Release|Any CPU
		{A258E652-1BB2-4A90-9ED4-6248A09FD379}.Debug|Any CPU.ActiveCfg = Debug|Any CPU
		{A258E652-1BB2-4A90-9ED4-6248A09FD379}.Debug|Any CPU.Build.0 = Debug|Any CPU
		{A258E652-1BB2-4A90-9ED4-6248A09FD379}.Release|Any CPU.ActiveCfg = Release|Any CPU
		{A258E652-1BB2-4A90-9ED4-6248A09FD379}.Release|Any CPU.Build.0 = Release|Any CPU
		{014EF2B0-4D13-4A35-ADE7-006689C5EC3D}.Debug|Any CPU.ActiveCfg = Debug|Any CPU
		{014EF2B0-4D13-4A35-ADE7-006689C5EC3D}.Debug|Any CPU.Build.0 = Debug|Any CPU
		{014EF2B0-4D13-4A35-ADE7-006689C5EC3D}.Release|Any CPU.ActiveCfg = Release|Any CPU
		{014EF2B0-4D13-4A35-ADE7-006689C5EC3D}.Release|Any CPU.Build.0 = Release|Any CPU
		{9FDF435B-8ACD-48D5-986A-1B526D7F6E38}.Debug|Any CPU.ActiveCfg = Debug|Any CPU
		{9FDF435B-8ACD-48D5-986A-1B526D7F6E38}.Debug|Any CPU.Build.0 = Debug|Any CPU
		{9FDF435B-8ACD-48D5-986A-1B526D7F6E38}.Release|Any CPU.ActiveCfg = Release|Any CPU
		{9FDF435B-8ACD-48D5-986A-1B526D7F6E38}.Release|Any CPU.Build.0 = Release|Any CPU
		{81AC0594-A0C5-4A02-8C4D-B8E139F16F5E}.Debug|Any CPU.ActiveCfg = Debug|Any CPU
		{81AC0594-A0C5-4A02-8C4D-B8E139F16F5E}.Debug|Any CPU.Build.0 = Debug|Any CPU
		{81AC0594-A0C5-4A02-8C4D-B8E139F16F5E}.Release|Any CPU.ActiveCfg = Release|Any CPU
		{81AC0594-A0C5-4A02-8C4D-B8E139F16F5E}.Release|Any CPU.Build.0 = Release|Any CPU
		{6DBA7894-9852-4DF1-B9E0-09D60D311F6B}.Debug|Any CPU.ActiveCfg = Debug|Any CPU
		{6DBA7894-9852-4DF1-B9E0-09D60D311F6B}.Debug|Any CPU.Build.0 = Debug|Any CPU
		{6DBA7894-9852-4DF1-B9E0-09D60D311F6B}.Release|Any CPU.ActiveCfg = Release|Any CPU
		{6DBA7894-9852-4DF1-B9E0-09D60D311F6B}.Release|Any CPU.Build.0 = Release|Any CPU
		{F726FCF1-6D50-4EE5-9D4A-8714C897A967}.Debug|Any CPU.ActiveCfg = Debug|Any CPU
		{F726FCF1-6D50-4EE5-9D4A-8714C897A967}.Debug|Any CPU.Build.0 = Debug|Any CPU
		{F726FCF1-6D50-4EE5-9D4A-8714C897A967}.Release|Any CPU.ActiveCfg = Release|Any CPU
		{F726FCF1-6D50-4EE5-9D4A-8714C897A967}.Release|Any CPU.Build.0 = Release|Any CPU
		{8F88487B-C78F-4695-B4F3-BF59CCDF6DF0}.Debug|Any CPU.ActiveCfg = Debug|Any CPU
		{8F88487B-C78F-4695-B4F3-BF59CCDF6DF0}.Debug|Any CPU.Build.0 = Debug|Any CPU
		{8F88487B-C78F-4695-B4F3-BF59CCDF6DF0}.Release|Any CPU.ActiveCfg = Release|Any CPU
		{8F88487B-C78F-4695-B4F3-BF59CCDF6DF0}.Release|Any CPU.Build.0 = Release|Any CPU
		{350EF47C-407B-4509-AE6C-A86F17ED0C80}.Debug|Any CPU.ActiveCfg = Debug|Any CPU
		{350EF47C-407B-4509-AE6C-A86F17ED0C80}.Debug|Any CPU.Build.0 = Debug|Any CPU
		{350EF47C-407B-4509-AE6C-A86F17ED0C80}.Release|Any CPU.ActiveCfg = Release|Any CPU
		{350EF47C-407B-4509-AE6C-A86F17ED0C80}.Release|Any CPU.Build.0 = Release|Any CPU
		{039255F7-8BFF-4A5E-ABB6-602AF5F14AA5}.Debug|Any CPU.ActiveCfg = Debug|Any CPU
		{039255F7-8BFF-4A5E-ABB6-602AF5F14AA5}.Debug|Any CPU.Build.0 = Debug|Any CPU
		{039255F7-8BFF-4A5E-ABB6-602AF5F14AA5}.Release|Any CPU.ActiveCfg = Release|Any CPU
		{039255F7-8BFF-4A5E-ABB6-602AF5F14AA5}.Release|Any CPU.Build.0 = Release|Any CPU
		{5F8768B5-FE6F-42DC-9993-F9F4E5AE38E4}.Debug|Any CPU.ActiveCfg = Debug|Any CPU
		{5F8768B5-FE6F-42DC-9993-F9F4E5AE38E4}.Debug|Any CPU.Build.0 = Debug|Any CPU
		{5F8768B5-FE6F-42DC-9993-F9F4E5AE38E4}.Release|Any CPU.ActiveCfg = Release|Any CPU
		{5F8768B5-FE6F-42DC-9993-F9F4E5AE38E4}.Release|Any CPU.Build.0 = Release|Any CPU
		{81BAD669-8203-4328-A894-DCAEB3066ADD}.Debug|Any CPU.ActiveCfg = Debug|Any CPU
		{81BAD669-8203-4328-A894-DCAEB3066ADD}.Debug|Any CPU.Build.0 = Debug|Any CPU
		{81BAD669-8203-4328-A894-DCAEB3066ADD}.Release|Any CPU.ActiveCfg = Release|Any CPU
		{81BAD669-8203-4328-A894-DCAEB3066ADD}.Release|Any CPU.Build.0 = Release|Any CPU
	EndGlobalSection
	GlobalSection(SolutionProperties) = preSolution
		HideSolutionNode = FALSE
	EndGlobalSection
	GlobalSection(NestedProjects) = preSolution
		{120D5DF3-E6F6-4B1F-AA06-94BB6E0A3061} = {A053045B-CB06-473C-A04E-D54A519B6BBD}
		{C61CD1AF-0E8E-4F32-A9F9-B84D1ED8C445} = {EC20CC56-DCEF-49E2-8272-DE58B17E5019}
		{9545DA65-B29C-4A40-8010-3E339D138EE9} = {2DA898EF-3842-49FE-B687-ADD620C47F83}
		{1A828274-0B29-4892-8525-D9E3F79471EC} = {EDA3AB56-CCE1-4774-9B1E-4828D1E551E0}
		{EDA3AB56-CCE1-4774-9B1E-4828D1E551E0} = {2638AACB-7314-4962-87BE-93876EEED788}
		{A62D8E84-A841-4E12-A69F-35F50E2145B4} = {BFE4986F-CD69-4E42-8C6E-F8EE35491BBF}
		{D39781AC-BBE5-4DBC-8CAD-DF79AFFB2C65} = {2638AACB-7314-4962-87BE-93876EEED788}
		{83D61F5C-9F19-4DBB-BF20-4C451AD9877B} = {D39781AC-BBE5-4DBC-8CAD-DF79AFFB2C65}
		{78DBB5F9-22F9-4C70-804A-2E82EA782D00} = {A053045B-CB06-473C-A04E-D54A519B6BBD}
		{D23D39F0-EF03-4C4A-9EBA-48ADDE9B1938} = {A5E6C844-8858-442E-8EAB-2CFD2E59B9EB}
		{5BA67B39-E0AA-4A92-B619-0E7ADCDA6871} = {6C59FADC-BAEA-46B7-A69F-DC2AA0A124D6}
		{8AC27A66-E451-4BA5-BE17-F1CA452B24EB} = {5BA67B39-E0AA-4A92-B619-0E7ADCDA6871}
		{A258E652-1BB2-4A90-9ED4-6248A09FD379} = {E47B8516-234F-4D06-957C-B24278490706}
		{E47B8516-234F-4D06-957C-B24278490706} = {2638AACB-7314-4962-87BE-93876EEED788}
		{014EF2B0-4D13-4A35-ADE7-006689C5EC3D} = {A053045B-CB06-473C-A04E-D54A519B6BBD}
		{B8DD59B3-F647-4761-97AD-EEBB972B8557} = {6C59FADC-BAEA-46B7-A69F-DC2AA0A124D6}
		{9FDF435B-8ACD-48D5-986A-1B526D7F6E38} = {B8DD59B3-F647-4761-97AD-EEBB972B8557}
		{81AC0594-A0C5-4A02-8C4D-B8E139F16F5E} = {EC20CC56-DCEF-49E2-8272-DE58B17E5019}
		{6DBA7894-9852-4DF1-B9E0-09D60D311F6B} = {BFE4986F-CD69-4E42-8C6E-F8EE35491BBF}
		{6062DBE1-5621-4735-9960-70FBDC55BE0B} = {2638AACB-7314-4962-87BE-93876EEED788}
		{EC20CC56-DCEF-49E2-8272-DE58B17E5019} = {2638AACB-7314-4962-87BE-93876EEED788}
		{A053045B-CB06-473C-A04E-D54A519B6BBD} = {2638AACB-7314-4962-87BE-93876EEED788}
		{F726FCF1-6D50-4EE5-9D4A-8714C897A967} = {6062DBE1-5621-4735-9960-70FBDC55BE0B}
		{23E7F528-746A-4A42-8FB3-F89088395933} = {6C59FADC-BAEA-46B7-A69F-DC2AA0A124D6}
		{8F88487B-C78F-4695-B4F3-BF59CCDF6DF0} = {23E7F528-746A-4A42-8FB3-F89088395933}
		{BFE4986F-CD69-4E42-8C6E-F8EE35491BBF} = {6C59FADC-BAEA-46B7-A69F-DC2AA0A124D6}
		{A5E6C844-8858-442E-8EAB-2CFD2E59B9EB} = {6C59FADC-BAEA-46B7-A69F-DC2AA0A124D6}
		{350EF47C-407B-4509-AE6C-A86F17ED0C80} = {A053045B-CB06-473C-A04E-D54A519B6BBD}
		{039255F7-8BFF-4A5E-ABB6-602AF5F14AA5} = {A5E6C844-8858-442E-8EAB-2CFD2E59B9EB}
		{BDCAABCC-D420-4A4D-AAC2-3D254D7932CD} = {2638AACB-7314-4962-87BE-93876EEED788}
		{5F8768B5-FE6F-42DC-9993-F9F4E5AE38E4} = {BDCAABCC-D420-4A4D-AAC2-3D254D7932CD}
		{81BAD669-8203-4328-A894-DCAEB3066ADD} = {EC20CC56-DCEF-49E2-8272-DE58B17E5019}
	EndGlobalSection
	GlobalSection(ExtensibilityGlobals) = postSolution
		SolutionGuid = {49BCA0AC-45AF-4DE6-B691-30A0F2959200}
	EndGlobalSection
EndGlobal
