
Microsoft Visual Studio Solution File, Format Version 12.00
# Visual Studio Version 17
VisualStudioVersion = 17.0.31912.275
MinimumVisualStudioVersion = 10.0.40219.1
Project("{9A19103F-16F7-4668-BE54-9A1E7A4F7556}") = "BitzArt.EnumToMemberValue", "src\BitzArt.EnumToMemberValue\BitzArt.EnumToMemberValue.csproj", "{120D5DF3-E6F6-4B1F-AA06-94BB6E0A3061}"
EndProject
Project("{9A19103F-16F7-4668-BE54-9A1E7A4F7556}") = "BitzArt.BaseFirstContractResolver", "src\BitzArt.BaseFirstContractResolver\BitzArt.BaseFirstContractResolver.csproj", "{0B4CD683-8CEE-4DB7-8220-8DDE6231ACEC}"
EndProject
Project("{2150E333-8FDC-42A3-9474-1A3956D46DE8}") = "EntityFrameworkCore", "EntityFrameworkCore", "{3757C1C1-318C-4447-AFB0-3BA25D39D218}"
EndProject
Project("{9A19103F-16F7-4668-BE54-9A1E7A4F7556}") = "BitzArt.EntityFrameworkCore.EntityBase", "src\EntityFrameworkCore\BitzArt.EntityFrameworkCore.EntityBase\BitzArt.EntityFrameworkCore.EntityBase.csproj", "{287F1A96-7C31-47A0-89F5-89F569629920}"
EndProject
Project("{2150E333-8FDC-42A3-9474-1A3956D46DE8}") = "src", "src", "{2638AACB-7314-4962-87BE-93876EEED788}"
EndProject
Project("{2150E333-8FDC-42A3-9474-1A3956D46DE8}") = "sample", "sample", "{BDDE9224-CA80-4144-9650-4D05E134B744}"
EndProject
Project("{2150E333-8FDC-42A3-9474-1A3956D46DE8}") = "EntityFrameworkCore", "EntityFrameworkCore", "{C99AEE71-8BA6-401A-B209-2F14692D24F3}"
EndProject
Project("{9A19103F-16F7-4668-BE54-9A1E7A4F7556}") = "BitzArt.EntityFrameworkCore.EntityBase.Sample", "sample\EntityFrameworkCore\BitzArt.EntityFrameworkCore.EntityBase.Sample\BitzArt.EntityFrameworkCore.EntityBase.Sample.csproj", "{B638CA24-4040-4F3A-9227-B5B09710EBAE}"
EndProject
Project("{9A19103F-16F7-4668-BE54-9A1E7A4F7556}") = "BitzArt.LinqExtensions", "src\BitzArt.LinqExtensions\BitzArt.LinqExtensions.csproj", "{C61CD1AF-0E8E-4F32-A9F9-B84D1ED8C445}"
EndProject
Project("{2150E333-8FDC-42A3-9474-1A3956D46DE8}") = ".github", ".github", "{2DA898EF-3842-49FE-B687-ADD620C47F83}"
EndProject
Project("{2150E333-8FDC-42A3-9474-1A3956D46DE8}") = "workflows", "workflows", "{9545DA65-B29C-4A40-8010-3E339D138EE9}"
	ProjectSection(SolutionItems) = preProject
		.github\workflows\Publish BaseFirstContractResolver.yml = .github\workflows\Publish BaseFirstContractResolver.yml
		.github\workflows\Publish EntityFrameworkCore.EntityBase.yml = .github\workflows\Publish EntityFrameworkCore.EntityBase.yml
		.github\workflows\Publish EnumToMemberValue.yml = .github\workflows\Publish EnumToMemberValue.yml
		.github\workflows\Publish LinqExtensions.yml = .github\workflows\Publish LinqExtensions.yml
		.github\workflows\Publish MassTransit.ConsumerBase.yml = .github\workflows\Publish MassTransit.ConsumerBase.yml
	EndProjectSection
EndProject
Project("{FAE04EC0-301F-11D3-BF4B-00C04F79EFBC}") = "BitzArt.MassTransit.ConsumerBase", "src\MassTransit\BitzArt.MassTransit.ConsumerBase\BitzArt.MassTransit.ConsumerBase.csproj", "{1A828274-0B29-4892-8525-D9E3F79471EC}"
EndProject
Project("{2150E333-8FDC-42A3-9474-1A3956D46DE8}") = "MassTransit", "MassTransit", "{EDA3AB56-CCE1-4774-9B1E-4828D1E551E0}"
EndProject
Global
	GlobalSection(SolutionConfigurationPlatforms) = preSolution
		Debug|Any CPU = Debug|Any CPU
		Release|Any CPU = Release|Any CPU
	EndGlobalSection
	GlobalSection(ProjectConfigurationPlatforms) = postSolution
		{120D5DF3-E6F6-4B1F-AA06-94BB6E0A3061}.Debug|Any CPU.ActiveCfg = Debug|Any CPU
		{120D5DF3-E6F6-4B1F-AA06-94BB6E0A3061}.Debug|Any CPU.Build.0 = Debug|Any CPU
		{120D5DF3-E6F6-4B1F-AA06-94BB6E0A3061}.Release|Any CPU.ActiveCfg = Release|Any CPU
		{120D5DF3-E6F6-4B1F-AA06-94BB6E0A3061}.Release|Any CPU.Build.0 = Release|Any CPU
		{0B4CD683-8CEE-4DB7-8220-8DDE6231ACEC}.Debug|Any CPU.ActiveCfg = Debug|Any CPU
		{0B4CD683-8CEE-4DB7-8220-8DDE6231ACEC}.Debug|Any CPU.Build.0 = Debug|Any CPU
		{0B4CD683-8CEE-4DB7-8220-8DDE6231ACEC}.Release|Any CPU.ActiveCfg = Release|Any CPU
		{0B4CD683-8CEE-4DB7-8220-8DDE6231ACEC}.Release|Any CPU.Build.0 = Release|Any CPU
		{287F1A96-7C31-47A0-89F5-89F569629920}.Debug|Any CPU.ActiveCfg = Debug|Any CPU
		{287F1A96-7C31-47A0-89F5-89F569629920}.Debug|Any CPU.Build.0 = Debug|Any CPU
		{287F1A96-7C31-47A0-89F5-89F569629920}.Release|Any CPU.ActiveCfg = Release|Any CPU
		{287F1A96-7C31-47A0-89F5-89F569629920}.Release|Any CPU.Build.0 = Release|Any CPU
		{B638CA24-4040-4F3A-9227-B5B09710EBAE}.Debug|Any CPU.ActiveCfg = Debug|Any CPU
		{B638CA24-4040-4F3A-9227-B5B09710EBAE}.Debug|Any CPU.Build.0 = Debug|Any CPU
		{B638CA24-4040-4F3A-9227-B5B09710EBAE}.Release|Any CPU.ActiveCfg = Release|Any CPU
		{B638CA24-4040-4F3A-9227-B5B09710EBAE}.Release|Any CPU.Build.0 = Release|Any CPU
		{C61CD1AF-0E8E-4F32-A9F9-B84D1ED8C445}.Debug|Any CPU.ActiveCfg = Debug|Any CPU
		{C61CD1AF-0E8E-4F32-A9F9-B84D1ED8C445}.Debug|Any CPU.Build.0 = Debug|Any CPU
		{C61CD1AF-0E8E-4F32-A9F9-B84D1ED8C445}.Release|Any CPU.ActiveCfg = Release|Any CPU
		{C61CD1AF-0E8E-4F32-A9F9-B84D1ED8C445}.Release|Any CPU.Build.0 = Release|Any CPU
		{1A828274-0B29-4892-8525-D9E3F79471EC}.Debug|Any CPU.ActiveCfg = Debug|Any CPU
		{1A828274-0B29-4892-8525-D9E3F79471EC}.Debug|Any CPU.Build.0 = Debug|Any CPU
		{1A828274-0B29-4892-8525-D9E3F79471EC}.Release|Any CPU.ActiveCfg = Release|Any CPU
		{1A828274-0B29-4892-8525-D9E3F79471EC}.Release|Any CPU.Build.0 = Release|Any CPU
	EndGlobalSection
	GlobalSection(SolutionProperties) = preSolution
		HideSolutionNode = FALSE
	EndGlobalSection
	GlobalSection(NestedProjects) = preSolution
		{120D5DF3-E6F6-4B1F-AA06-94BB6E0A3061} = {2638AACB-7314-4962-87BE-93876EEED788}
		{0B4CD683-8CEE-4DB7-8220-8DDE6231ACEC} = {2638AACB-7314-4962-87BE-93876EEED788}
		{3757C1C1-318C-4447-AFB0-3BA25D39D218} = {2638AACB-7314-4962-87BE-93876EEED788}
		{287F1A96-7C31-47A0-89F5-89F569629920} = {3757C1C1-318C-4447-AFB0-3BA25D39D218}
		{C99AEE71-8BA6-401A-B209-2F14692D24F3} = {BDDE9224-CA80-4144-9650-4D05E134B744}
		{B638CA24-4040-4F3A-9227-B5B09710EBAE} = {C99AEE71-8BA6-401A-B209-2F14692D24F3}
		{C61CD1AF-0E8E-4F32-A9F9-B84D1ED8C445} = {2638AACB-7314-4962-87BE-93876EEED788}
		{9545DA65-B29C-4A40-8010-3E339D138EE9} = {2DA898EF-3842-49FE-B687-ADD620C47F83}
		{1A828274-0B29-4892-8525-D9E3F79471EC} = {EDA3AB56-CCE1-4774-9B1E-4828D1E551E0}
		{EDA3AB56-CCE1-4774-9B1E-4828D1E551E0} = {2638AACB-7314-4962-87BE-93876EEED788}
	EndGlobalSection
	GlobalSection(ExtensibilityGlobals) = postSolution
		SolutionGuid = {49BCA0AC-45AF-4DE6-B691-30A0F2959200}
	EndGlobalSection
EndGlobal
